{
  "name": "bedwarsify-prisma",
  "version": "1.0.0",
  "lockfileVersion": 2,
  "requires": true,
  "packages": {
    "": {
      "version": "1.0.0",
      "hasInstallScript": true,
      "dependencies": {
        "@prisma/client": "^3.0.2",
        "fs-extra": "^10.0.0"
      },
      "devDependencies": {
        "@types/fs-extra": "^9.0.11",
        "prisma": "^2.26.0"
      }
    },
    "node_modules/@prisma/client": {
      "version": "3.0.2",
      "resolved": "https://registry.npmjs.org/@prisma/client/-/client-3.0.2.tgz",
      "integrity": "sha512-6SrDYY2Yr5AmYpVB3XAXFqfzxKMdDTemXR7FmfXthnxWhQHoBwRLNZ3B3GyI/MmWa5tr+kaaGDJjp1LU0vuYvQ==",
      "hasInstallScript": true,
      "dependencies": {
        "@prisma/engines-version": "2.31.0-32.2452cc6313d52b8b9a96999ac0e974d0aedf88db"
      },
      "engines": {
        "node": ">=12.6"
      },
      "peerDependencies": {
        "prisma": "*"
      },
      "peerDependenciesMeta": {
        "prisma": {
          "optional": true
        }
      }
    },
    "node_modules/@prisma/engines": {
      "version": "2.26.0-23.9b816b3aa13cc270074f172f30d6eda8a8ce867d",
      "resolved": "https://registry.npmjs.org/@prisma/engines/-/engines-2.26.0-23.9b816b3aa13cc270074f172f30d6eda8a8ce867d.tgz",
      "integrity": "sha512-a0jIhLvw9rFh6nZTr5Y3uzP28I2xNDu3pqxANvwMNnmIoYr1wYEcO1pMXn/36BGXldDdAWMmAbhfloHA3IB8DA==",
      "devOptional": true,
      "hasInstallScript": true
    },
    "node_modules/@prisma/engines-version": {
      "version": "2.31.0-32.2452cc6313d52b8b9a96999ac0e974d0aedf88db",
      "resolved": "https://registry.npmjs.org/@prisma/engines-version/-/engines-version-2.31.0-32.2452cc6313d52b8b9a96999ac0e974d0aedf88db.tgz",
      "integrity": "sha512-iArSApZZImVmT9oC/rGOjzvpG2AOqlIeqYcVnop9poA3FxD4zfVPbNPH9DTgOWhc06OkBHujJZeAcsNddVabIQ=="
    },
    "node_modules/@types/fs-extra": {
      "version": "9.0.11",
      "resolved": "https://registry.npmjs.org/@types/fs-extra/-/fs-extra-9.0.11.tgz",
      "integrity": "sha512-mZsifGG4QeQ7hlkhO56u7zt/ycBgGxSVsFI/6lGTU34VtwkiqrrSDgw0+ygs8kFGWcXnFQWMrzF2h7TtDFNixA==",
      "dev": true,
      "dependencies": {
        "@types/node": "*"
      }
    },
    "node_modules/@types/node": {
      "version": "15.3.0",
      "resolved": "https://registry.npmjs.org/@types/node/-/node-15.3.0.tgz",
      "integrity": "sha512-8/bnjSZD86ZfpBsDlCIkNXIvm+h6wi9g7IqL+kmFkQ+Wvu3JrasgLElfiPgoo8V8vVfnEi0QVS12gbl94h9YsQ==",
      "dev": true
    },
    "node_modules/fs-extra": {
      "version": "10.0.0",
      "resolved": "https://registry.npmjs.org/fs-extra/-/fs-extra-10.0.0.tgz",
      "integrity": "sha512-C5owb14u9eJwizKGdchcDUQeFtlSHHthBk8pbX9Vc1PFZrLombudjDnNns88aYslCyF6IY5SUw3Roz6xShcEIQ==",
      "dependencies": {
        "graceful-fs": "^4.2.0",
        "jsonfile": "^6.0.1",
        "universalify": "^2.0.0"
      },
      "engines": {
        "node": ">=12"
      }
    },
    "node_modules/graceful-fs": {
      "version": "4.2.6",
      "resolved": "https://registry.npmjs.org/graceful-fs/-/graceful-fs-4.2.6.tgz",
      "integrity": "sha512-nTnJ528pbqxYanhpDYsi4Rd8MAeaBA67+RZ10CM1m3bTAVFEDcd5AuA4a6W5YkGZ1iNXHzZz8T6TBKLeBuNriQ=="
    },
    "node_modules/jsonfile": {
      "version": "6.1.0",
      "resolved": "https://registry.npmjs.org/jsonfile/-/jsonfile-6.1.0.tgz",
      "integrity": "sha512-5dgndWOriYSm5cnYaJNhalLNDKOqFwyDB/rr1E9ZsGciGvKPs8R2xYGCacuf3z6K1YKDz182fd+fY3cn3pMqXQ==",
      "dependencies": {
        "universalify": "^2.0.0"
      },
      "optionalDependencies": {
        "graceful-fs": "^4.1.6"
      }
    },
    "node_modules/prisma": {
      "version": "2.26.0",
      "resolved": "https://registry.npmjs.org/prisma/-/prisma-2.26.0.tgz",
      "integrity": "sha512-MXTQlF8X9mabkdTRb9x5nF6jvo1kT85d9hqIpYjLLZy+5tlvEaCaLBj+ok8GINdfYBS7gwQERZ9MHx0tb5dCdg==",
      "devOptional": true,
      "hasInstallScript": true,
      "dependencies": {
        "@prisma/engines": "2.26.0-23.9b816b3aa13cc270074f172f30d6eda8a8ce867d"
      },
      "bin": {
        "prisma": "build/index.js",
        "prisma2": "build/index.js"
      },
      "engines": {
        "node": ">=12.2"
      }
    },
    "node_modules/universalify": {
      "version": "2.0.0",
      "resolved": "https://registry.npmjs.org/universalify/-/universalify-2.0.0.tgz",
      "integrity": "sha512-hAZsKq7Yy11Zu1DE0OzWjw7nnLZmJZYTDZZyEFHZdUhV8FkH5MCfoU1XMaxXovpyW5nq5scPqq0ZDP9Zyl04oQ==",
      "engines": {
        "node": ">= 10.0.0"
      }
    }
  },
  "dependencies": {
    "@prisma/client": {
      "version": "3.0.2",
      "resolved": "https://registry.npmjs.org/@prisma/client/-/client-3.0.2.tgz",
      "integrity": "sha512-6SrDYY2Yr5AmYpVB3XAXFqfzxKMdDTemXR7FmfXthnxWhQHoBwRLNZ3B3GyI/MmWa5tr+kaaGDJjp1LU0vuYvQ==",
      "requires": {
        "@prisma/engines-version": "2.31.0-32.2452cc6313d52b8b9a96999ac0e974d0aedf88db"
      }
    },
    "@prisma/engines": {
      "version": "2.26.0-23.9b816b3aa13cc270074f172f30d6eda8a8ce867d",
      "resolved": "https://registry.npmjs.org/@prisma/engines/-/engines-2.26.0-23.9b816b3aa13cc270074f172f30d6eda8a8ce867d.tgz",
      "integrity": "sha512-a0jIhLvw9rFh6nZTr5Y3uzP28I2xNDu3pqxANvwMNnmIoYr1wYEcO1pMXn/36BGXldDdAWMmAbhfloHA3IB8DA==",
      "devOptional": true
    },
    "@prisma/engines-version": {
      "version": "2.31.0-32.2452cc6313d52b8b9a96999ac0e974d0aedf88db",
      "resolved": "https://registry.npmjs.org/@prisma/engines-version/-/engines-version-2.31.0-32.2452cc6313d52b8b9a96999ac0e974d0aedf88db.tgz",
      "integrity": "sha512-iArSApZZImVmT9oC/rGOjzvpG2AOqlIeqYcVnop9poA3FxD4zfVPbNPH9DTgOWhc06OkBHujJZeAcsNddVabIQ=="
    },
    "@types/fs-extra": {
      "version": "9.0.11",
      "resolved": "https://registry.npmjs.org/@types/fs-extra/-/fs-extra-9.0.11.tgz",
      "integrity": "sha512-mZsifGG4QeQ7hlkhO56u7zt/ycBgGxSVsFI/6lGTU34VtwkiqrrSDgw0+ygs8kFGWcXnFQWMrzF2h7TtDFNixA==",
      "dev": true,
      "requires": {
        "@types/node": "*"
      }
    },
    "@types/node": {
      "version": "15.3.0",
      "resolved": "https://registry.npmjs.org/@types/node/-/node-15.3.0.tgz",
      "integrity": "sha512-8/bnjSZD86ZfpBsDlCIkNXIvm+h6wi9g7IqL+kmFkQ+Wvu3JrasgLElfiPgoo8V8vVfnEi0QVS12gbl94h9YsQ==",
      "dev": true
    },
    "fs-extra": {
      "version": "10.0.0",
      "resolved": "https://registry.npmjs.org/fs-extra/-/fs-extra-10.0.0.tgz",
      "integrity": "sha512-C5owb14u9eJwizKGdchcDUQeFtlSHHthBk8pbX9Vc1PFZrLombudjDnNns88aYslCyF6IY5SUw3Roz6xShcEIQ==",
      "requires": {
        "graceful-fs": "^4.2.0",
        "jsonfile": "^6.0.1",
        "universalify": "^2.0.0"
      }
    },
    "graceful-fs": {
      "version": "4.2.6",
      "resolved": "https://registry.npmjs.org/graceful-fs/-/graceful-fs-4.2.6.tgz",
      "integrity": "sha512-nTnJ528pbqxYanhpDYsi4Rd8MAeaBA67+RZ10CM1m3bTAVFEDcd5AuA4a6W5YkGZ1iNXHzZz8T6TBKLeBuNriQ=="
    },
    "jsonfile": {
      "version": "6.1.0",
      "resolved": "https://registry.npmjs.org/jsonfile/-/jsonfile-6.1.0.tgz",
      "integrity": "sha512-5dgndWOriYSm5cnYaJNhalLNDKOqFwyDB/rr1E9ZsGciGvKPs8R2xYGCacuf3z6K1YKDz182fd+fY3cn3pMqXQ==",
      "requires": {
        "graceful-fs": "^4.1.6",
        "universalify": "^2.0.0"
      }
    },
    "prisma": {
      "version": "2.26.0",
      "resolved": "https://registry.npmjs.org/prisma/-/prisma-2.26.0.tgz",
      "integrity": "sha512-MXTQlF8X9mabkdTRb9x5nF6jvo1kT85d9hqIpYjLLZy+5tlvEaCaLBj+ok8GINdfYBS7gwQERZ9MHx0tb5dCdg==",
      "devOptional": true,
      "requires": {
        "@prisma/engines": "2.26.0-23.9b816b3aa13cc270074f172f30d6eda8a8ce867d"
      }
    },
    "universalify": {
      "version": "2.0.0",
      "resolved": "https://registry.npmjs.org/universalify/-/universalify-2.0.0.tgz",
      "integrity": "sha512-hAZsKq7Yy11Zu1DE0OzWjw7nnLZmJZYTDZZyEFHZdUhV8FkH5MCfoU1XMaxXovpyW5nq5scPqq0ZDP9Zyl04oQ=="
    }
  }
}
